
Microsoft Visual Studio Solution File, Format Version 12.00
# Visual Studio Version 16
VisualStudioVersion = 16.0.36631.11
MinimumVisualStudioVersion = 10.0.40219.1
Project("{E24C65DC-7377-472B-9ABA-BC803B73C61A}") = "ExSite", "ExSite\", "{C4134EDB-E86A-4B16-9B64-50AA9A163804}"
	ProjectSection(WebsiteProperties) = preProject
		TargetFrameworkMoniker = ".NETFramework,Version%3Dv4.7.2"
		Debug.AspNetCompiler.VirtualPath = "/localhost_64956"
		Debug.AspNetCompiler.PhysicalPath = "ExSite\"
		Debug.AspNetCompiler.TargetPath = "PrecompiledWeb\localhost_64956\"
		Debug.AspNetCompiler.Updateable = "true"
		Debug.AspNetCompiler.ForceOverwrite = "true"
		Debug.AspNetCompiler.FixedNames = "false"
		Debug.AspNetCompiler.Debug = "True"
		Release.AspNetCompiler.VirtualPath = "/localhost_64956"
		Release.AspNetCompiler.PhysicalPath = "ExSite\"
		Release.AspNetCompiler.TargetPath = "PrecompiledWeb\localhost_64956\"
		Release.AspNetCompiler.Updateable = "true"
		Release.AspNetCompiler.ForceOverwrite = "true"
		Release.AspNetCompiler.FixedNames = "false"
		Release.AspNetCompiler.Debug = "False"
		VWDPort = "64956"
		SlnRelativePath = "ExSite\"
		DefaultWebSiteLanguage = "Visual C#"
	EndProjectSection
EndProject
Project("{E24C65DC-7377-472B-9ABA-BC803B73C61A}") = "Ex6CharSite", "Ex6CharSite\", "{DE1ED3C6-BF18-4CEA-AA25-80E64C9FC1BC}"
	ProjectSection(WebsiteProperties) = preProject
		TargetFrameworkMoniker = ".NETFramework,Version%3Dv4.7.2"
		Debug.AspNetCompiler.VirtualPath = "/localhost_55048"
		Debug.AspNetCompiler.PhysicalPath = "Ex6CharSite\"
		Debug.AspNetCompiler.TargetPath = "PrecompiledWeb\localhost_55048\"
		Debug.AspNetCompiler.Updateable = "true"
		Debug.AspNetCompiler.ForceOverwrite = "true"
		Debug.AspNetCompiler.FixedNames = "false"
		Debug.AspNetCompiler.Debug = "True"
		Release.AspNetCompiler.VirtualPath = "/localhost_55048"
		Release.AspNetCompiler.PhysicalPath = "Ex6CharSite\"
		Release.AspNetCompiler.TargetPath = "PrecompiledWeb\localhost_55048\"
		Release.AspNetCompiler.Updateable = "true"
		Release.AspNetCompiler.ForceOverwrite = "true"
		Release.AspNetCompiler.FixedNames = "false"
		Release.AspNetCompiler.Debug = "False"
		VWDPort = "55048"
		SlnRelativePath = "Ex6CharSite\"
		DefaultWebSiteLanguage = "Visual C#"
	EndProjectSection
EndProject
Project("{E24C65DC-7377-472B-9ABA-BC803B73C61A}") = "Ex6ChatSite", "Ex6ChatSite\", "{5E0E2EE4-CE5C-4D49-993E-3633AAB08606}"
	ProjectSection(WebsiteProperties) = preProject
		TargetFrameworkMoniker = ".NETFramework,Version%3Dv4.7.2"
		Debug.AspNetCompiler.VirtualPath = "/localhost_52233"
		Debug.AspNetCompiler.PhysicalPath = "Ex6ChatSite\"
		Debug.AspNetCompiler.TargetPath = "PrecompiledWeb\localhost_52233\"
		Debug.AspNetCompiler.Updateable = "true"
		Debug.AspNetCompiler.ForceOverwrite = "true"
		Debug.AspNetCompiler.FixedNames = "false"
		Debug.AspNetCompiler.Debug = "True"
		Release.AspNetCompiler.VirtualPath = "/localhost_52233"
		Release.AspNetCompiler.PhysicalPath = "Ex6ChatSite\"
		Release.AspNetCompiler.TargetPath = "PrecompiledWeb\localhost_52233\"
		Release.AspNetCompiler.Updateable = "true"
		Release.AspNetCompiler.ForceOverwrite = "true"
		Release.AspNetCompiler.FixedNames = "false"
		Release.AspNetCompiler.Debug = "False"
		VWDPort = "52233"
		SlnRelativePath = "Ex6ChatSite\"
		DefaultWebSiteLanguage = "Visual C#"
	EndProjectSection
EndProject
Project("{E24C65DC-7377-472B-9ABA-BC803B73C61A}") = "Ex7LinqSqlSite", "Ex7LinqSqlSite\", "{7A00D78F-945B-44F8-9F01-0B5090D86E88}"
	ProjectSection(WebsiteProperties) = preProject
		TargetFrameworkMoniker = ".NETFramework,Version%3Dv4.7.2"
		Debug.AspNetCompiler.VirtualPath = "/localhost_53660"
		Debug.AspNetCompiler.PhysicalPath = "Ex7LinqSqlSite\"
		Debug.AspNetCompiler.TargetPath = "PrecompiledWeb\localhost_53660\"
		Debug.AspNetCompiler.Updateable = "true"
		Debug.AspNetCompiler.ForceOverwrite = "true"
		Debug.AspNetCompiler.FixedNames = "false"
		Debug.AspNetCompiler.Debug = "True"
		Release.AspNetCompiler.VirtualPath = "/localhost_53660"
		Release.AspNetCompiler.PhysicalPath = "Ex7LinqSqlSite\"
		Release.AspNetCompiler.TargetPath = "PrecompiledWeb\localhost_53660\"
		Release.AspNetCompiler.Updateable = "true"
		Release.AspNetCompiler.ForceOverwrite = "true"
		Release.AspNetCompiler.FixedNames = "false"
		Release.AspNetCompiler.Debug = "False"
		VWDPort = "53660"
		SlnRelativePath = "Ex7LinqSqlSite\"
		DefaultWebSiteLanguage = "Visual C#"
	EndProjectSection
EndProject
Project("{E24C65DC-7377-472B-9ABA-BC803B73C61A}") = "Ex7LinqXmlSite", "Ex7LinqXmlSite\", "{1FCC7A90-1311-4CAE-AEE1-3F533825EBEC}"
	ProjectSection(WebsiteProperties) = preProject
		TargetFrameworkMoniker = ".NETFramework,Version%3Dv4.7.2"
		Debug.AspNetCompiler.VirtualPath = "/localhost_53981"
		Debug.AspNetCompiler.PhysicalPath = "Ex7LinqXmlSite\"
		Debug.AspNetCompiler.TargetPath = "PrecompiledWeb\localhost_53981\"
		Debug.AspNetCompiler.Updateable = "true"
		Debug.AspNetCompiler.ForceOverwrite = "true"
		Debug.AspNetCompiler.FixedNames = "false"
		Debug.AspNetCompiler.Debug = "True"
		Release.AspNetCompiler.VirtualPath = "/localhost_53981"
		Release.AspNetCompiler.PhysicalPath = "Ex7LinqXmlSite\"
		Release.AspNetCompiler.TargetPath = "PrecompiledWeb\localhost_53981\"
		Release.AspNetCompiler.Updateable = "true"
		Release.AspNetCompiler.ForceOverwrite = "true"
		Release.AspNetCompiler.FixedNames = "false"
		Release.AspNetCompiler.Debug = "False"
		VWDPort = "53981"
		SlnRelativePath = "Ex7LinqXmlSite\"
		DefaultWebSiteLanguage = "Visual C#"
	EndProjectSection
EndProject
Global
	GlobalSection(SolutionConfigurationPlatforms) = preSolution
		Debug|Any CPU = Debug|Any CPU
	EndGlobalSection
	GlobalSection(ProjectConfigurationPlatforms) = postSolution
		{C4134EDB-E86A-4B16-9B64-50AA9A163804}.Debug|Any CPU.ActiveCfg = Debug|Any CPU
		{C4134EDB-E86A-4B16-9B64-50AA9A163804}.Debug|Any CPU.Build.0 = Debug|Any CPU
		{DE1ED3C6-BF18-4CEA-AA25-80E64C9FC1BC}.Debug|Any CPU.ActiveCfg = Debug|Any CPU
		{DE1ED3C6-BF18-4CEA-AA25-80E64C9FC1BC}.Debug|Any CPU.Build.0 = Debug|Any CPU
		{5E0E2EE4-CE5C-4D49-993E-3633AAB08606}.Debug|Any CPU.ActiveCfg = Debug|Any CPU
		{5E0E2EE4-CE5C-4D49-993E-3633AAB08606}.Debug|Any CPU.Build.0 = Debug|Any CPU
		{7A00D78F-945B-44F8-9F01-0B5090D86E88}.Debug|Any CPU.ActiveCfg = Debug|Any CPU
		{7A00D78F-945B-44F8-9F01-0B5090D86E88}.Debug|Any CPU.Build.0 = Debug|Any CPU
		{1FCC7A90-1311-4CAE-AEE1-3F533825EBEC}.Debug|Any CPU.ActiveCfg = Debug|Any CPU
		{1FCC7A90-1311-4CAE-AEE1-3F533825EBEC}.Debug|Any CPU.Build.0 = Debug|Any CPU
	EndGlobalSection
	GlobalSection(SolutionProperties) = preSolution
		HideSolutionNode = FALSE
	EndGlobalSection
	GlobalSection(ExtensibilityGlobals) = postSolution
		SolutionGuid = {24EA5A88-6B2A-47D7-A061-378C898EDF06}
	EndGlobalSection
EndGlobal
